
Microsoft Visual Studio Solution File, Format Version 12.00
# Visual Studio Version 16
VisualStudioVersion = 16.0.31205.134
MinimumVisualStudioVersion = 10.0.40219.1
Project("{9A19103F-16F7-4668-BE54-9A1E7A4F7556}") = "Service", "Service\Service.csproj", "{1E2198C9-0C85-4A66-9505-8BCAB4317597}"
EndProject
Project("{9A19103F-16F7-4668-BE54-9A1E7A4F7556}") = "ServiceTest", "ServiceTest\ServiceTest.csproj", "{0A735F7D-ACFB-44B7-A39E-AFD3596EDD36}"
EndProject
Project("{9A19103F-16F7-4668-BE54-9A1E7A4F7556}") = "Web", "Web\Web.csproj", "{8151DE46-44A0-4549-A5F7-12614887909B}"
EndProject
Project("{FAE04EC0-301F-11D3-BF4B-00C04F79EFBC}") = "Repository", "Repository\Repository.csproj", "{E8D7A0D8-2036-4FD7-9925-771A8D10E423}"
EndProject
Global
	GlobalSection(SolutionConfigurationPlatforms) = preSolution
		Debug|Any CPU = Debug|Any CPU
		Release|Any CPU = Release|Any CPU
	EndGlobalSection
	GlobalSection(ProjectConfigurationPlatforms) = postSolution
		{1E2198C9-0C85-4A66-9505-8BCAB4317597}.Debug|Any CPU.ActiveCfg = Debug|Any CPU
		{1E2198C9-0C85-4A66-9505-8BCAB4317597}.Debug|Any CPU.Build.0 = Debug|Any CPU
		{1E2198C9-0C85-4A66-9505-8BCAB4317597}.Release|Any CPU.ActiveCfg = Release|Any CPU
		{1E2198C9-0C85-4A66-9505-8BCAB4317597}.Release|Any CPU.Build.0 = Release|Any CPU
		{0A735F7D-ACFB-44B7-A39E-AFD3596EDD36}.Debug|Any CPU.ActiveCfg = Debug|Any CPU
		{0A735F7D-ACFB-44B7-A39E-AFD3596EDD36}.Debug|Any CPU.Build.0 = Debug|Any CPU
		{0A735F7D-ACFB-44B7-A39E-AFD3596EDD36}.Release|Any CPU.ActiveCfg = Release|Any CPU
		{0A735F7D-ACFB-44B7-A39E-AFD3596EDD36}.Release|Any CPU.Build.0 = Release|Any CPU
		{8151DE46-44A0-4549-A5F7-12614887909B}.Debug|Any CPU.ActiveCfg = Debug|Any CPU
		{8151DE46-44A0-4549-A5F7-12614887909B}.Debug|Any CPU.Build.0 = Debug|Any CPU
		{8151DE46-44A0-4549-A5F7-12614887909B}.Release|Any CPU.ActiveCfg = Release|Any CPU
		{8151DE46-44A0-4549-A5F7-12614887909B}.Release|Any CPU.Build.0 = Release|Any CPU
		{E8D7A0D8-2036-4FD7-9925-771A8D10E423}.Debug|Any CPU.ActiveCfg = Debug|Any CPU
		{E8D7A0D8-2036-4FD7-9925-771A8D10E423}.Debug|Any CPU.Build.0 = Debug|Any CPU
		{E8D7A0D8-2036-4FD7-9925-771A8D10E423}.Release|Any CPU.ActiveCfg = Release|Any CPU
		{E8D7A0D8-2036-4FD7-9925-771A8D10E423}.Release|Any CPU.Build.0 = Release|Any CPU
	EndGlobalSection
	GlobalSection(SolutionProperties) = preSolution
		HideSolutionNode = FALSE
	EndGlobalSection
	GlobalSection(ExtensibilityGlobals) = postSolution
		SolutionGuid = {E7027A4C-1B6E-4A9F-9B42-DEC8CA50F455}
	EndGlobalSection
EndGlobal
